
Microsoft Visual Studio Solution File, Format Version 10.00
# Visual Studio 2008
Project("{FAE04EC0-301F-11D3-BF4B-00C04F79EFBC}") = "JMDictConvert", "JMDictConvert.csproj", "{4157F1E4-07F9-4E8B-A610-9EB153368BEB}"
EndProject
Global
	GlobalSection(SourceCodeControl) = preSolution
		SccNumberOfProjects = 2
		SccLocalPath0 = .
		SccProjectUniqueName1 = JMDictConvert.csproj
		SccLocalPath1 = .
	EndGlobalSection
	GlobalSection(SolutionConfigurationPlatforms) = preSolution
		Debug|Any CPU = Debug|Any CPU
		Release|Any CPU = Release|Any CPU
	EndGlobalSection
	GlobalSection(ProjectConfigurationPlatforms) = postSolution
		{4157F1E4-07F9-4E8B-A610-9EB153368BEB}.Debug|Any CPU.ActiveCfg = Debug|Any CPU
		{4157F1E4-07F9-4E8B-A610-9EB153368BEB}.Debug|Any CPU.Build.0 = Debug|Any CPU
		{4157F1E4-07F9-4E8B-A610-9EB153368BEB}.Release|Any CPU.ActiveCfg = Release|Any CPU
		{4157F1E4-07F9-4E8B-A610-9EB153368BEB}.Release|Any CPU.Build.0 = Release|Any CPU
	EndGlobalSection
	GlobalSection(SolutionProperties) = preSolution
		HideSolutionNode = FALSE
	EndGlobalSection
EndGlobal
